
Microsoft Visual Studio Solution File, Format Version 12.00
# Visual Studio Version 16
VisualStudioVersion = 16.0.31205.134
MinimumVisualStudioVersion = 10.0.40219.1
Project("{FAE04EC0-301F-11D3-BF4B-00C04F79EFBC}") = "CursoEFCore", "CursoEFCore\CursoEFCore.csproj", "{8906F8EF-C30E-471F-9739-BD266F63C25D}"
EndProject
Global
	GlobalSection(SolutionConfigurationPlatforms) = preSolution
		Debug|Any CPU = Debug|Any CPU
		Release|Any CPU = Release|Any CPU
	EndGlobalSection
	GlobalSection(ProjectConfigurationPlatforms) = postSolution
		{8906F8EF-C30E-471F-9739-BD266F63C25D}.Debug|Any CPU.ActiveCfg = Debug|Any CPU
		{8906F8EF-C30E-471F-9739-BD266F63C25D}.Debug|Any CPU.Build.0 = Debug|Any CPU
		{8906F8EF-C30E-471F-9739-BD266F63C25D}.Release|Any CPU.ActiveCfg = Release|Any CPU
		{8906F8EF-C30E-471F-9739-BD266F63C25D}.Release|Any CPU.Build.0 = Release|Any CPU
	EndGlobalSection
	GlobalSection(SolutionProperties) = preSolution
		HideSolutionNode = FALSE
	EndGlobalSection
	GlobalSection(ExtensibilityGlobals) = postSolution
		SolutionGuid = {840D2B32-B32B-4FBB-97ED-C31BA13560CF}
	EndGlobalSection
EndGlobal
